
Microsoft Visual Studio Solution File, Format Version 12.00
# Visual Studio Version 16
VisualStudioVersion = 16.0.31702.278
MinimumVisualStudioVersion = 10.0.40219.1
Project("{E53339B2-1760-4266-BCC7-CA923CBCF16C}") = "docker-compose", "docker-compose.dcproj", "{2093F6E7-F553-419F-8788-9C43C29CC7FE}"
EndProject
Project("{9A19103F-16F7-4668-BE54-9A1E7A4F7556}") = "Jenner.Comum", "src\Jenner.Comum\Jenner.Comum.csproj", "{50CE9879-423C-4EFE-90CB-23E62CF6FEF2}"
EndProject
Project("{9A19103F-16F7-4668-BE54-9A1E7A4F7556}") = "Jenner.Consultar.API", "src\Jenner.Consultar.API\Jenner.Consultar.API.csproj", "{A9590A4C-91F5-4235-8394-6E120676F3B1}"
EndProject
Project("{9A19103F-16F7-4668-BE54-9A1E7A4F7556}") = "Jenner.Consultar.Worker", "src\Jenner.Consultar.Worker\Jenner.Consultar.Worker.csproj", "{F65C0B4A-3E5F-427E-A7CE-277D1AF40AE8}"
EndProject
Project("{FAE04EC0-301F-11D3-BF4B-00C04F79EFBC}") = "Jenner.Agendamento.API", "src\Jenner.Agendamento.API\Jenner.Agendamento.API.csproj", "{A8201CB1-91E6-4610-ADAD-528A74CA5FA9}"
EndProject
Global
	GlobalSection(SolutionConfigurationPlatforms) = preSolution
		Debug|Any CPU = Debug|Any CPU
		Release|Any CPU = Release|Any CPU
	EndGlobalSection
	GlobalSection(ProjectConfigurationPlatforms) = postSolution
		{2093F6E7-F553-419F-8788-9C43C29CC7FE}.Debug|Any CPU.ActiveCfg = Debug|Any CPU
		{2093F6E7-F553-419F-8788-9C43C29CC7FE}.Debug|Any CPU.Build.0 = Debug|Any CPU
		{2093F6E7-F553-419F-8788-9C43C29CC7FE}.Release|Any CPU.ActiveCfg = Release|Any CPU
		{2093F6E7-F553-419F-8788-9C43C29CC7FE}.Release|Any CPU.Build.0 = Release|Any CPU
		{50CE9879-423C-4EFE-90CB-23E62CF6FEF2}.Debug|Any CPU.ActiveCfg = Debug|Any CPU
		{50CE9879-423C-4EFE-90CB-23E62CF6FEF2}.Debug|Any CPU.Build.0 = Debug|Any CPU
		{50CE9879-423C-4EFE-90CB-23E62CF6FEF2}.Release|Any CPU.ActiveCfg = Release|Any CPU
		{50CE9879-423C-4EFE-90CB-23E62CF6FEF2}.Release|Any CPU.Build.0 = Release|Any CPU
		{A9590A4C-91F5-4235-8394-6E120676F3B1}.Debug|Any CPU.ActiveCfg = Debug|Any CPU
		{A9590A4C-91F5-4235-8394-6E120676F3B1}.Debug|Any CPU.Build.0 = Debug|Any CPU
		{A9590A4C-91F5-4235-8394-6E120676F3B1}.Release|Any CPU.ActiveCfg = Release|Any CPU
		{A9590A4C-91F5-4235-8394-6E120676F3B1}.Release|Any CPU.Build.0 = Release|Any CPU
		{F65C0B4A-3E5F-427E-A7CE-277D1AF40AE8}.Debug|Any CPU.ActiveCfg = Debug|Any CPU
		{F65C0B4A-3E5F-427E-A7CE-277D1AF40AE8}.Debug|Any CPU.Build.0 = Debug|Any CPU
		{F65C0B4A-3E5F-427E-A7CE-277D1AF40AE8}.Release|Any CPU.ActiveCfg = Release|Any CPU
		{F65C0B4A-3E5F-427E-A7CE-277D1AF40AE8}.Release|Any CPU.Build.0 = Release|Any CPU
		{A8201CB1-91E6-4610-ADAD-528A74CA5FA9}.Debug|Any CPU.ActiveCfg = Debug|Any CPU
		{A8201CB1-91E6-4610-ADAD-528A74CA5FA9}.Debug|Any CPU.Build.0 = Debug|Any CPU
		{A8201CB1-91E6-4610-ADAD-528A74CA5FA9}.Release|Any CPU.ActiveCfg = Release|Any CPU
		{A8201CB1-91E6-4610-ADAD-528A74CA5FA9}.Release|Any CPU.Build.0 = Release|Any CPU
	EndGlobalSection
	GlobalSection(SolutionProperties) = preSolution
		HideSolutionNode = FALSE
	EndGlobalSection
	GlobalSection(ExtensibilityGlobals) = postSolution
		SolutionGuid = {2308C5AB-7725-4BD7-820F-33F2EB6B8E7D}
	EndGlobalSection
EndGlobal
