
Microsoft Visual Studio Solution File, Format Version 12.00
# Visual Studio Version 16
VisualStudioVersion = 16.0.31702.278
MinimumVisualStudioVersion = 10.0.40219.1
Project("{9A19103F-16F7-4668-BE54-9A1E7A4F7556}") = "Jenner.Vacinar.API", "Jenner.Vacinar.API\Jenner.Vacinar.API.csproj", "{5399AC44-85D5-4830-B3A7-A26BDE46C3B0}"
EndProject
Project("{9A19103F-16F7-4668-BE54-9A1E7A4F7556}") = "Jenner.Vacinar.Worker", "Jenner.Vacinar.Worker\Jenner.Vacinar.Worker.csproj", "{852F06FC-4AA6-4AAF-B001-D195852AFDE2}"
EndProject
Project("{9A19103F-16F7-4668-BE54-9A1E7A4F7556}") = "Jenner.Consultar.API", "Jenner.Consultar.API\Jenner.Consultar.API.csproj", "{F682F476-4FB5-4B8A-9EF8-D1DD029B1FF9}"
EndProject
Project("{9A19103F-16F7-4668-BE54-9A1E7A4F7556}") = "Jenner.Consultar.Worker", "Jenner.Consultar.Worker\Jenner.Consultar.Worker.csproj", "{6A275059-8708-4D15-8452-16EB84CCAB54}"
EndProject
Project("{E53339B2-1760-4266-BCC7-CA923CBCF16C}") = "docker-compose", "docker-compose.dcproj", "{2093F6E7-F553-419F-8788-9C43C29CC7FE}"
EndProject
Project("{FAE04EC0-301F-11D3-BF4B-00C04F79EFBC}") = "Jenner.Comum", "Jenner.Comum\Jenner.Comum.csproj", "{8E14796A-8931-48C5-9102-6171C8425BF3}"
EndProject
Global
	GlobalSection(SolutionConfigurationPlatforms) = preSolution
		Debug|Any CPU = Debug|Any CPU
		Release|Any CPU = Release|Any CPU
	EndGlobalSection
	GlobalSection(ProjectConfigurationPlatforms) = postSolution
		{5399AC44-85D5-4830-B3A7-A26BDE46C3B0}.Debug|Any CPU.ActiveCfg = Debug|Any CPU
		{5399AC44-85D5-4830-B3A7-A26BDE46C3B0}.Debug|Any CPU.Build.0 = Debug|Any CPU
		{5399AC44-85D5-4830-B3A7-A26BDE46C3B0}.Release|Any CPU.ActiveCfg = Release|Any CPU
		{5399AC44-85D5-4830-B3A7-A26BDE46C3B0}.Release|Any CPU.Build.0 = Release|Any CPU
		{852F06FC-4AA6-4AAF-B001-D195852AFDE2}.Debug|Any CPU.ActiveCfg = Debug|Any CPU
		{852F06FC-4AA6-4AAF-B001-D195852AFDE2}.Debug|Any CPU.Build.0 = Debug|Any CPU
		{852F06FC-4AA6-4AAF-B001-D195852AFDE2}.Release|Any CPU.ActiveCfg = Release|Any CPU
		{852F06FC-4AA6-4AAF-B001-D195852AFDE2}.Release|Any CPU.Build.0 = Release|Any CPU
		{F682F476-4FB5-4B8A-9EF8-D1DD029B1FF9}.Debug|Any CPU.ActiveCfg = Debug|Any CPU
		{F682F476-4FB5-4B8A-9EF8-D1DD029B1FF9}.Debug|Any CPU.Build.0 = Debug|Any CPU
		{F682F476-4FB5-4B8A-9EF8-D1DD029B1FF9}.Release|Any CPU.ActiveCfg = Release|Any CPU
		{F682F476-4FB5-4B8A-9EF8-D1DD029B1FF9}.Release|Any CPU.Build.0 = Release|Any CPU
		{6A275059-8708-4D15-8452-16EB84CCAB54}.Debug|Any CPU.ActiveCfg = Debug|Any CPU
		{6A275059-8708-4D15-8452-16EB84CCAB54}.Debug|Any CPU.Build.0 = Debug|Any CPU
		{6A275059-8708-4D15-8452-16EB84CCAB54}.Release|Any CPU.ActiveCfg = Release|Any CPU
		{6A275059-8708-4D15-8452-16EB84CCAB54}.Release|Any CPU.Build.0 = Release|Any CPU
		{2093F6E7-F553-419F-8788-9C43C29CC7FE}.Debug|Any CPU.ActiveCfg = Debug|Any CPU
		{2093F6E7-F553-419F-8788-9C43C29CC7FE}.Debug|Any CPU.Build.0 = Debug|Any CPU
		{2093F6E7-F553-419F-8788-9C43C29CC7FE}.Release|Any CPU.ActiveCfg = Release|Any CPU
		{2093F6E7-F553-419F-8788-9C43C29CC7FE}.Release|Any CPU.Build.0 = Release|Any CPU
		{8E14796A-8931-48C5-9102-6171C8425BF3}.Debug|Any CPU.ActiveCfg = Debug|Any CPU
		{8E14796A-8931-48C5-9102-6171C8425BF3}.Debug|Any CPU.Build.0 = Debug|Any CPU
		{8E14796A-8931-48C5-9102-6171C8425BF3}.Release|Any CPU.ActiveCfg = Release|Any CPU
		{8E14796A-8931-48C5-9102-6171C8425BF3}.Release|Any CPU.Build.0 = Release|Any CPU
	EndGlobalSection
	GlobalSection(SolutionProperties) = preSolution
		HideSolutionNode = FALSE
	EndGlobalSection
	GlobalSection(ExtensibilityGlobals) = postSolution
		SolutionGuid = {2308C5AB-7725-4BD7-820F-33F2EB6B8E7D}
	EndGlobalSection
EndGlobal
